
Microsoft Visual Studio Solution File, Format Version 12.00
# Visual Studio Version 16
VisualStudioVersion = 16.0.35026.282
MinimumVisualStudioVersion = 10.0.40219.1
Project("{8BC9CEB8-8B4A-11D0-8D11-00A0C91BC942}") = "Timer_ThreadPool", "Timer_ThreadPool\Timer_ThreadPool.vcxproj", "{8EEE0BC9-5916-4DDE-9740-A7B0FBB900AA}"
EndProject
Global
	GlobalSection(SolutionConfigurationPlatforms) = preSolution
		Debug|x64 = Debug|x64
		Debug|x86 = Debug|x86
		Release|x64 = Release|x64
		Release|x86 = Release|x86
	EndGlobalSection
	GlobalSection(ProjectConfigurationPlatforms) = postSolution
		{8EEE0BC9-5916-4DDE-9740-A7B0FBB900AA}.Debug|x64.ActiveCfg = Debug|x64
		{8EEE0BC9-5916-4DDE-9740-A7B0FBB900AA}.Debug|x64.Build.0 = Debug|x64
		{8EEE0BC9-5916-4DDE-9740-A7B0FBB900AA}.Debug|x86.ActiveCfg = Debug|Win32
		{8EEE0BC9-5916-4DDE-9740-A7B0FBB900AA}.Debug|x86.Build.0 = Debug|Win32
		{8EEE0BC9-5916-4DDE-9740-A7B0FBB900AA}.Release|x64.ActiveCfg = Release|x64
		{8EEE0BC9-5916-4DDE-9740-A7B0FBB900AA}.Release|x64.Build.0 = Release|x64
		{8EEE0BC9-5916-4DDE-9740-A7B0FBB900AA}.Release|x86.ActiveCfg = Release|Win32
		{8EEE0BC9-5916-4DDE-9740-A7B0FBB900AA}.Release|x86.Build.0 = Release|Win32
	EndGlobalSection
	GlobalSection(SolutionProperties) = preSolution
		HideSolutionNode = FALSE
	EndGlobalSection
	GlobalSection(ExtensibilityGlobals) = postSolution
		SolutionGuid = {ECB3299C-4977-4C46-8C0D-B00B9B90886B}
	EndGlobalSection
EndGlobal
